
Microsoft Visual Studio Solution File, Format Version 12.00
# Visual Studio Version 17
VisualStudioVersion = 17.8.34330.188
MinimumVisualStudioVersion = 10.0.40219.1
Project("{FAE04EC0-301F-11D3-BF4B-00C04F79EFBC}") = "Delegates", "Delegates\Delegates.csproj", "{2900E6FD-3D67-4FBB-AE3B-8467CE8AA75E}"
EndProject
Global
	GlobalSection(SolutionConfigurationPlatforms) = preSolution
		Debug|Any CPU = Debug|Any CPU
		Release|Any CPU = Release|Any CPU
	EndGlobalSection
	GlobalSection(ProjectConfigurationPlatforms) = postSolution
		{2900E6FD-3D67-4FBB-AE3B-8467CE8AA75E}.Debug|Any CPU.ActiveCfg = Debug|Any CPU
		{2900E6FD-3D67-4FBB-AE3B-8467CE8AA75E}.Debug|Any CPU.Build.0 = Debug|Any CPU
		{2900E6FD-3D67-4FBB-AE3B-8467CE8AA75E}.Release|Any CPU.ActiveCfg = Release|Any CPU
		{2900E6FD-3D67-4FBB-AE3B-8467CE8AA75E}.Release|Any CPU.Build.0 = Release|Any CPU
	EndGlobalSection
	GlobalSection(SolutionProperties) = preSolution
		HideSolutionNode = FALSE
	EndGlobalSection
	GlobalSection(ExtensibilityGlobals) = postSolution
		SolutionGuid = {F7C097A0-8608-4DA0-8490-C7C9BC55E137}
	EndGlobalSection
EndGlobal
