
Microsoft Visual Studio Solution File, Format Version 12.00
# Visual Studio Version 17
VisualStudioVersion = 17.8.34330.188
MinimumVisualStudioVersion = 10.0.40219.1
Project("{FAE04EC0-301F-11D3-BF4B-00C04F79EFBC}") = "MessageBoxAsync", "MessageBoxAsync\MessageBoxAsync.csproj", "{CC8118E5-6131-4366-B273-90270ACCCC7D}"
EndProject
Global
	GlobalSection(SolutionConfigurationPlatforms) = preSolution
		Debug|Any CPU = Debug|Any CPU
		Release|Any CPU = Release|Any CPU
	EndGlobalSection
	GlobalSection(ProjectConfigurationPlatforms) = postSolution
		{CC8118E5-6131-4366-B273-90270ACCCC7D}.Debug|Any CPU.ActiveCfg = Debug|Any CPU
		{CC8118E5-6131-4366-B273-90270ACCCC7D}.Debug|Any CPU.Build.0 = Debug|Any CPU
		{CC8118E5-6131-4366-B273-90270ACCCC7D}.Release|Any CPU.ActiveCfg = Release|Any CPU
		{CC8118E5-6131-4366-B273-90270ACCCC7D}.Release|Any CPU.Build.0 = Release|Any CPU
	EndGlobalSection
	GlobalSection(SolutionProperties) = preSolution
		HideSolutionNode = FALSE
	EndGlobalSection
	GlobalSection(ExtensibilityGlobals) = postSolution
		SolutionGuid = {8AE2ABF0-7BAC-480D-A2CE-97477C88CE65}
	EndGlobalSection
EndGlobal
