
Microsoft Visual Studio Solution File, Format Version 12.00
# Visual Studio Version 17
VisualStudioVersion = 17.8.34330.188
MinimumVisualStudioVersion = 10.0.40219.1
Project("{9A19103F-16F7-4668-BE54-9A1E7A4F7556}") = "Massive", "Massive\Massive.csproj", "{03555404-C78F-4597-A596-91BDB1354218}"
EndProject
Project("{FAE04EC0-301F-11D3-BF4B-00C04F79EFBC}") = "SortByArraySort", "Sort\SortByArraySort.csproj", "{2F2BC742-8802-44CA-B183-6ED806054811}"
EndProject
Project("{FAE04EC0-301F-11D3-BF4B-00C04F79EFBC}") = "SortByBubble", "SortBubbleArray\SortByBubble.csproj", "{87D2616F-72C3-43C6-B918-26CA09DDB8F8}"
EndProject
Global
	GlobalSection(SolutionConfigurationPlatforms) = preSolution
		Debug|Any CPU = Debug|Any CPU
		Release|Any CPU = Release|Any CPU
	EndGlobalSection
	GlobalSection(ProjectConfigurationPlatforms) = postSolution
		{03555404-C78F-4597-A596-91BDB1354218}.Debug|Any CPU.ActiveCfg = Debug|Any CPU
		{03555404-C78F-4597-A596-91BDB1354218}.Debug|Any CPU.Build.0 = Debug|Any CPU
		{03555404-C78F-4597-A596-91BDB1354218}.Release|Any CPU.ActiveCfg = Release|Any CPU
		{03555404-C78F-4597-A596-91BDB1354218}.Release|Any CPU.Build.0 = Release|Any CPU
		{2F2BC742-8802-44CA-B183-6ED806054811}.Debug|Any CPU.ActiveCfg = Debug|Any CPU
		{2F2BC742-8802-44CA-B183-6ED806054811}.Debug|Any CPU.Build.0 = Debug|Any CPU
		{2F2BC742-8802-44CA-B183-6ED806054811}.Release|Any CPU.ActiveCfg = Release|Any CPU
		{2F2BC742-8802-44CA-B183-6ED806054811}.Release|Any CPU.Build.0 = Release|Any CPU
		{87D2616F-72C3-43C6-B918-26CA09DDB8F8}.Debug|Any CPU.ActiveCfg = Debug|Any CPU
		{87D2616F-72C3-43C6-B918-26CA09DDB8F8}.Debug|Any CPU.Build.0 = Debug|Any CPU
		{87D2616F-72C3-43C6-B918-26CA09DDB8F8}.Release|Any CPU.ActiveCfg = Release|Any CPU
		{87D2616F-72C3-43C6-B918-26CA09DDB8F8}.Release|Any CPU.Build.0 = Release|Any CPU
	EndGlobalSection
	GlobalSection(SolutionProperties) = preSolution
		HideSolutionNode = FALSE
	EndGlobalSection
	GlobalSection(ExtensibilityGlobals) = postSolution
		SolutionGuid = {1AD2FA28-BACF-4192-89BF-88E36F954D08}
	EndGlobalSection
EndGlobal
