
Microsoft Visual Studio Solution File, Format Version 12.00
# Visual Studio Version 17
VisualStudioVersion = 17.8.34330.188
MinimumVisualStudioVersion = 10.0.40219.1
Project("{FAE04EC0-301F-11D3-BF4B-00C04F79EFBC}") = "HWLesson21", "HWLesson 2.1\HWLesson21.csproj", "{8E88B30F-B2A5-42A4-AA72-3F0CFCA92CD5}"
EndProject
Global
	GlobalSection(SolutionConfigurationPlatforms) = preSolution
		Debug|Any CPU = Debug|Any CPU
		Release|Any CPU = Release|Any CPU
	EndGlobalSection
	GlobalSection(ProjectConfigurationPlatforms) = postSolution
		{8E88B30F-B2A5-42A4-AA72-3F0CFCA92CD5}.Debug|Any CPU.ActiveCfg = Debug|Any CPU
		{8E88B30F-B2A5-42A4-AA72-3F0CFCA92CD5}.Debug|Any CPU.Build.0 = Debug|Any CPU
		{8E88B30F-B2A5-42A4-AA72-3F0CFCA92CD5}.Release|Any CPU.ActiveCfg = Release|Any CPU
		{8E88B30F-B2A5-42A4-AA72-3F0CFCA92CD5}.Release|Any CPU.Build.0 = Release|Any CPU
	EndGlobalSection
	GlobalSection(SolutionProperties) = preSolution
		HideSolutionNode = FALSE
	EndGlobalSection
	GlobalSection(ExtensibilityGlobals) = postSolution
		SolutionGuid = {9CA3BEAE-34E7-4B23-929B-2ECBD5240EA9}
	EndGlobalSection
EndGlobal
