
Microsoft Visual Studio Solution File, Format Version 12.00
# Visual Studio Version 17
VisualStudioVersion = 17.8.34330.188
MinimumVisualStudioVersion = 10.0.40219.1
Project("{FAE04EC0-301F-11D3-BF4B-00C04F79EFBC}") = "CustomCollection", "CustomCollection\CustomCollection.csproj", "{0A2984AA-B66F-48EA-836C-8686C539355A}"
EndProject
Global
	GlobalSection(SolutionConfigurationPlatforms) = preSolution
		Debug|Any CPU = Debug|Any CPU
		Release|Any CPU = Release|Any CPU
	EndGlobalSection
	GlobalSection(ProjectConfigurationPlatforms) = postSolution
		{0A2984AA-B66F-48EA-836C-8686C539355A}.Debug|Any CPU.ActiveCfg = Debug|Any CPU
		{0A2984AA-B66F-48EA-836C-8686C539355A}.Debug|Any CPU.Build.0 = Debug|Any CPU
		{0A2984AA-B66F-48EA-836C-8686C539355A}.Release|Any CPU.ActiveCfg = Release|Any CPU
		{0A2984AA-B66F-48EA-836C-8686C539355A}.Release|Any CPU.Build.0 = Release|Any CPU
	EndGlobalSection
	GlobalSection(SolutionProperties) = preSolution
		HideSolutionNode = FALSE
	EndGlobalSection
	GlobalSection(ExtensibilityGlobals) = postSolution
		SolutionGuid = {128D0DB8-F198-4A47-9623-CFEE1E3FD829}
	EndGlobalSection
EndGlobal
